PODS:
  - SDOSCustomLoader (1.0.1):
    - SDOSCustomLoader/CustomLoader (= 1.0.1)
  - SDOSCustomLoader/CustomLoader (1.0.1)

DEPENDENCIES:
  - SDOSCustomLoader (from `../../`)

EXTERNAL SOURCES:
  SDOSCustomLoader:
    :path: "../../"

SPEC CHECKSUMS:
  SDOSCustomLoader: 3a3b55a99666d478767a0ab45677f2204ae51fec

PODFILE CHECKSUM: 359c9bbcb5622ce94d74bc1486ac3c7c2916e3dd

COCOAPODS: 1.9.3
