PODS:
  - SDOSCustomLoader (1.0.0):
    - SDOSCustomLoader/CustomLoader (= 1.0.0)
  - SDOSCustomLoader/CustomLoader (1.0.0)

DEPENDENCIES:
  - SDOSCustomLoader (from `../../`)

EXTERNAL SOURCES:
  SDOSCustomLoader:
    :path: "../../"

SPEC CHECKSUMS:
  SDOSCustomLoader: d64d12689b28bff1fde2216e4ccdbc3f4bba7cf2

PODFILE CHECKSUM: c1fbfafd11c15e7346c77acb6e012934e595f43c

COCOAPODS: 1.6.1
