PODS:
  - SDOSCustomLoader (1.0.1):
    - SDOSCustomLoader/CustomLoader (= 1.0.1)
  - SDOSCustomLoader/CustomLoader (1.0.1)

DEPENDENCIES:
  - SDOSCustomLoader (from `../../`)

EXTERNAL SOURCES:
  SDOSCustomLoader:
    :path: "../../"

SPEC CHECKSUMS:
  SDOSCustomLoader: 2d28fce7420d4c75b17b14499a901ee0517f643d

PODFILE CHECKSUM: 359c9bbcb5622ce94d74bc1486ac3c7c2916e3dd

COCOAPODS: 1.7.5
